
Microsoft Visual Studio Solution File, Format Version 12.00
# Visual Studio 15
VisualStudioVersion = 15.0.27428.2027
MinimumVisualStudioVersion = 10.0.40219.1
Project("{FAE04EC0-301F-11D3-BF4B-00C04F79EFBC}") = "WebApplication1", "WebApplication1\WebApplication1.csproj", "{714E3E6A-D3A7-4F30-A777-F0E930781EDD}"
EndProject
Global
	GlobalSection(SolutionConfigurationPlatforms) = preSolution
		Debug|Any CPU = Debug|Any CPU
		Release|Any CPU = Release|Any CPU
	EndGlobalSection
	GlobalSection(ProjectConfigurationPlatforms) = postSolution
		{714E3E6A-D3A7-4F30-A777-F0E930781EDD}.Debug|Any CPU.ActiveCfg = Debug|Any CPU
		{714E3E6A-D3A7-4F30-A777-F0E930781EDD}.Debug|Any CPU.Build.0 = Debug|Any CPU
		{714E3E6A-D3A7-4F30-A777-F0E930781EDD}.Release|Any CPU.ActiveCfg = Release|Any CPU
		{714E3E6A-D3A7-4F30-A777-F0E930781EDD}.Release|Any CPU.Build.0 = Release|Any CPU
	EndGlobalSection
	GlobalSection(SolutionProperties) = preSolution
		HideSolutionNode = FALSE
	EndGlobalSection
	GlobalSection(ExtensibilityGlobals) = postSolution
		SolutionGuid = {DB7B61F7-2B21-443D-BBC7-FE05D7C420C9}
	EndGlobalSection
EndGlobal
